
Microsoft Visual Studio Solution File, Format Version 12.00
# Visual Studio 2012
Project("{E24C65DC-7377-472B-9ABA-BC803B73C61A}") = "MyWebSite", "http://localhost:59671", "{EB514C10-587E-46AE-9708-F09CCB5136A6}"
	ProjectSection(WebsiteProperties) = preProject
		UseIISExpress = "true"
		TargetFrameworkMoniker = ".NETFramework,Version%3Dv4.5"
		Debug.AspNetCompiler.VirtualPath = "/localhost_59671"
		Debug.AspNetCompiler.PhysicalPath = "..\..\WebSites\MyWebSite\"
		Debug.AspNetCompiler.TargetPath = "PrecompiledWeb\localhost_59671\"
		Debug.AspNetCompiler.Updateable = "true"
		Debug.AspNetCompiler.ForceOverwrite = "true"
		Debug.AspNetCompiler.FixedNames = "false"
		Debug.AspNetCompiler.Debug = "True"
		Release.AspNetCompiler.VirtualPath = "/localhost_59671"
		Release.AspNetCompiler.PhysicalPath = "..\..\WebSites\MyWebSite\"
		Release.AspNetCompiler.TargetPath = "PrecompiledWeb\localhost_59671\"
		Release.AspNetCompiler.Updateable = "true"
		Release.AspNetCompiler.ForceOverwrite = "true"
		Release.AspNetCompiler.FixedNames = "false"
		Release.AspNetCompiler.Debug = "False"
		SlnRelativePath = "..\..\WebSites\MyWebSite\"
		DefaultWebSiteLanguage = "Visual C#"
	EndProjectSection
EndProject
Project("{FAE04EC0-301F-11D3-BF4B-00C04F79EFBC}") = "Client", "..\..\..\..\Desktop\ClientServerExample\Client\Client.csproj", "{17DE63B4-A80F-48E7-B9DE-4ED28061D813}"
EndProject
Global
	GlobalSection(SolutionConfigurationPlatforms) = preSolution
		Debug|Any CPU = Debug|Any CPU
		Debug|Mixed Platforms = Debug|Mixed Platforms
		Debug|x86 = Debug|x86
		Release|Any CPU = Release|Any CPU
		Release|Mixed Platforms = Release|Mixed Platforms
		Release|x86 = Release|x86
	EndGlobalSection
	GlobalSection(ProjectConfigurationPlatforms) = postSolution
		{EB514C10-587E-46AE-9708-F09CCB5136A6}.Debug|Any CPU.ActiveCfg = Debug|Any CPU
		{EB514C10-587E-46AE-9708-F09CCB5136A6}.Debug|Any CPU.Build.0 = Debug|Any CPU
		{EB514C10-587E-46AE-9708-F09CCB5136A6}.Debug|Mixed Platforms.ActiveCfg = Debug|Any CPU
		{EB514C10-587E-46AE-9708-F09CCB5136A6}.Debug|Mixed Platforms.Build.0 = Debug|Any CPU
		{EB514C10-587E-46AE-9708-F09CCB5136A6}.Debug|x86.ActiveCfg = Debug|Any CPU
		{EB514C10-587E-46AE-9708-F09CCB5136A6}.Release|Any CPU.ActiveCfg = Debug|Any CPU
		{EB514C10-587E-46AE-9708-F09CCB5136A6}.Release|Any CPU.Build.0 = Debug|Any CPU
		{EB514C10-587E-46AE-9708-F09CCB5136A6}.Release|Mixed Platforms.ActiveCfg = Debug|Any CPU
		{EB514C10-587E-46AE-9708-F09CCB5136A6}.Release|Mixed Platforms.Build.0 = Debug|Any CPU
		{EB514C10-587E-46AE-9708-F09CCB5136A6}.Release|x86.ActiveCfg = Debug|Any CPU
		{17DE63B4-A80F-48E7-B9DE-4ED28061D813}.Debug|Any CPU.ActiveCfg = Debug|x86
		{17DE63B4-A80F-48E7-B9DE-4ED28061D813}.Debug|Mixed Platforms.ActiveCfg = Debug|x86
		{17DE63B4-A80F-48E7-B9DE-4ED28061D813}.Debug|Mixed Platforms.Build.0 = Debug|x86
		{17DE63B4-A80F-48E7-B9DE-4ED28061D813}.Debug|x86.ActiveCfg = Debug|x86
		{17DE63B4-A80F-48E7-B9DE-4ED28061D813}.Debug|x86.Build.0 = Debug|x86
		{17DE63B4-A80F-48E7-B9DE-4ED28061D813}.Release|Any CPU.ActiveCfg = Release|x86
		{17DE63B4-A80F-48E7-B9DE-4ED28061D813}.Release|Mixed Platforms.ActiveCfg = Release|x86
		{17DE63B4-A80F-48E7-B9DE-4ED28061D813}.Release|Mixed Platforms.Build.0 = Release|x86
		{17DE63B4-A80F-48E7-B9DE-4ED28061D813}.Release|x86.ActiveCfg = Release|x86
		{17DE63B4-A80F-48E7-B9DE-4ED28061D813}.Release|x86.Build.0 = Release|x86
	EndGlobalSection
	GlobalSection(SolutionProperties) = preSolution
		HideSolutionNode = FALSE
	EndGlobalSection
EndGlobal
